// !$*UTF8*$!
{
	archiveVersion = 1;
	classes = {
	};
	objectVersion = 46;
	objects = {

/* Begin PBXBuildFile section */
		CA5ADF881DF883ED003ACDD5 /* AppDelegate.swift in Sources */ = {isa = PBXBuildFile; fileRef = CA5ADF871DF883ED003ACDD5 /* AppDelegate.swift */; };
		CA5ADF8D1DF883ED003ACDD5 /* Main.storyboard in Resources */ = {isa = PBXBuildFile; fileRef = CA5ADF8B1DF883ED003ACDD5 /* Main.storyboard */; };
		CA5ADF8F1DF883ED003ACDD5 /* Assets.xcassets in Resources */ = {isa = PBXBuildFile; fileRef = CA5ADF8E1DF883ED003ACDD5 /* Assets.xcassets */; };
		CA5ADF921DF883ED003ACDD5 /* LaunchScreen.storyboard in Resources */ = {isa = PBXBuildFile; fileRef = CA5ADF901DF883ED003ACDD5 /* LaunchScreen.storyboard */; };
		CA5ADF9A1DF89B79003ACDD5 /* MainViewController.swift in Sources */ = {isa = PBXBuildFile; fileRef = CA5ADF991DF89B79003ACDD5 /* MainViewController.swift */; };
/* End PBXBuildFile section */

/* Begin PBXFileReference section */
		CA5ADF841DF883ED003ACDD5 /* SillySong.app */ = {isa = PBXFileReference; explicitFileType = wrapper.application; includeInIndex = 0; path = SillySong.app; sourceTree = BUILT_PRODUCTS_DIR; };
		CA5ADF871DF883ED003ACDD5 /* AppDelegate.swift */ = {isa = PBXFileReference; lastKnownFileType = sourcecode.swift; path = AppDelegate.swift; sourceTree = "<group>"; };
		CA5ADF8C1DF883ED003ACDD5 /* Base */ = {isa = PBXFileReference; lastKnownFileType = file.storyboard; name = Base; path = Base.lproj/Main.storyboard; sourceTree = "<group>"; };
		CA5ADF8E1DF883ED003ACDD5 /* Assets.xcassets */ = {isa = PBXFileReference; lastKnownFileType = folder.assetcatalog; path = Assets.xcassets; sourceTree = "<group>"; };
		CA5ADF911DF883ED003ACDD5 /* Base */ = {isa = PBXFileReference; lastKnownFileType = file.storyboard; name = Base; path = Base.lproj/LaunchScreen.storyboard; sourceTree = "<group>"; };
		CA5ADF931DF883ED003ACDD5 /* Info.plist */ = {isa = PBXFileReference; lastKnownFileType = text.plist.xml; path = Info.plist; sourceTree = "<group>"; };
		CA5ADF991DF89B79003ACDD5 /* MainViewController.swift */ = {isa = PBXFileReference; fileEncoding = 4; lastKnownFileType = sourcecode.swift; path = MainViewController.swift; sourceTree = "<group>"; };
/* End PBXFileReference section */

/* Begin PBXFrameworksBuildPhase section */
		CA5ADF811DF883ED003ACDD5 /* Frameworks */ = {
			isa = PBXFrameworksBuildPhase;
			buildActionMask = 2147483647;
			files = (
			);
			runOnlyForDeploymentPostprocessing = 0;
		};
/* End PBXFrameworksBuildPhase section */

/* Begin PBXGroup section */
		CA5ADF7B1DF883ED003ACDD5 = {
			isa = PBXGroup;
			children = (
				CA5ADF861DF883ED003ACDD5 /* SillySong */,
				CA5ADF851DF883ED003ACDD5 /* Products */,
			);
			sourceTree = "<group>";
		};
		CA5ADF851DF883ED003ACDD5 /* Products */ = {
			isa = PBXGroup;
			children = (
				CA5ADF841DF883ED003ACDD5 /* SillySong.app */,
			);
			name = Products;
			sourceTree = "<group>";
		};
		CA5ADF861DF883ED003ACDD5 /* SillySong */ = {
			isa = PBXGroup;
			children = (
				CA5ADF871DF883ED003ACDD5 /* AppDelegate.swift */,
				CA5ADF8B1DF883ED003ACDD5 /* Main.storyboard */,
				CA5ADF991DF89B79003ACDD5 /* MainViewController.swift */,
				CA5ADF8E1DF883ED003ACDD5 /* Assets.xcassets */,
				CA5ADF901DF883ED003ACDD5 /* LaunchScreen.storyboard */,
				CA5ADF931DF883ED003ACDD5 /* Info.plist */,
			);
			path = SillySong;
			sourceTree = "<group>";
		};
/* End PBXGroup section */

/* Begin PBXNativeTarget section */
		CA5ADF831DF883ED003ACDD5 /* SillySong */ = {
			isa = PBXNativeTarget;
			buildConfigurationList = CA5ADF961DF883ED003ACDD5 /* Build configuration list for PBXNativeTarget "SillySong" */;
			buildPhases = (
				CA5ADF801DF883ED003ACDD5 /* Sources */,
				CA5ADF811DF883ED003ACDD5 /* Frameworks */,
				CA5ADF821DF883ED003ACDD5 /* Resources */,
			);
			buildRules = (
			);
			dependencies = (
			);
			name = SillySong;
			productName = SillySong;
			productReference = CA5ADF841DF883ED003ACDD5 /* SillySong.app */;
			productType = "com.apple.product-type.application";
		};
/* End PBXNativeTarget section */

/* Begin PBXProject section */
		CA5ADF7C1DF883ED003ACDD5 /* Project object */ = {
			isa = PBXProject;
			attributes = {
				LastSwiftUpdateCheck = 0810;
				LastUpgradeCheck = 0810;
				ORGANIZATIONNAME = "Carlos De la mora";
				TargetAttributes = {
					CA5ADF831DF883ED003ACDD5 = {
						CreatedOnToolsVersion = 8.1;
						DevelopmentTeam = 5PRK9NET39;
						ProvisioningStyle = Automatic;
					};
				};
			};
			buildConfigurationList = CA5ADF7F1DF883ED003ACDD5 /* Build configuration list for PBXProject "SillySong" */;
			compatibilityVersion = "Xcode 3.2";
			developmentRegion = English;
			hasScannedForEncodings = 0;
			knownRegions = (
				en,
				Base,
			);
			mainGroup = CA5ADF7B1DF883ED003ACDD5;
			productRefGroup = CA5ADF851DF883ED003ACDD5 /* Products */;
			projectDirPath = "";
			projectRoot = "";
			targets = (
				CA5ADF831DF883ED003ACDD5 /* SillySong */,
			);
		};
/* End PBXProject section */

/* Begin PBXResourcesBuildPhase section */
		CA5ADF821DF883ED003ACDD5 /* Resources */ = {
			isa = PBXResourcesBuildPhase;
			buildActionMask = 2147483647;
			files = (
				CA5ADF921DF883ED003ACDD5 /* LaunchScreen.storyboard in Resources */,
				CA5ADF8F1DF883ED003ACDD5 /* Assets.xcassets in Resources */,
				CA5ADF8D1DF883ED003ACDD5 /* Main.storyboard in Resources */,
			);
			runOnlyForDeploymentPostprocessing = 0;
		};
/* End PBXResourcesBuildPhase section */

/* Begin PBXSourcesBuildPhase section */
		CA5ADF801DF883ED003ACDD5 /* Sources */ = {
			isa = PBXSourcesBuildPhase;
			buildActionMask = 2147483647;
			files = (
				CA5ADF881DF883ED003ACDD5 /* AppDelegate.swift in Sources */,
				CA5ADF9A1DF89B79003ACDD5 /* MainViewController.swift in Sources */,
			);
			runOnlyForDeploymentPostprocessing = 0;
		};
/* End PBXSourcesBuildPhase section */

/* Begin PBXVariantGroup section */
		CA5ADF8B1DF883ED003ACDD5 /* Main.storyboard */ = {
			isa = PBXVariantGroup;
			children = (
				CA5ADF8C1DF883ED003ACDD5 /* Base */,
			);
			name = Main.storyboard;
			sourceTree = "<group>";
		};
		CA5ADF901DF883ED003ACDD5 /* LaunchScreen.storyboard */ = {
			isa = PBXVariantGroup;
			children = (
				CA5ADF911DF883ED003ACDD5 /* Base */,
			);
			name = LaunchScreen.storyboard;
			sourceTree = "<group>";
		};
/* End PBXVariantGroup section */

/* Begin XCBuildConfiguration section */
		CA5ADF941DF883ED003ACDD5 /* Debug */ = {
			isa = XCBuildConfiguration;
			buildSettings = {
				ALWAYS_SEARCH_USER_PATHS = NO;
				CLANG_ANALYZER_NONNULL = YES;
				CLANG_CXX_LANGUAGE_STANDARD = "gnu++0x";
				CLANG_CXX_LIBRARY = "libc++";
				CLANG_ENABLE_MODULES = YES;
				CLANG_ENABLE_OBJC_ARC = YES;
				CLANG_WARN_BOOL_CONVERSION = YES;
				CLANG_WARN_CONSTANT_CONVERSION = YES;
				CLANG_WARN_DIRECT_OBJC_ISA_USAGE = YES_ERROR;
				CLANG_WARN_DOCUMENTATION_COMMENTS = YES;
				CLANG_WARN_EMPTY_BODY = YES;
				CLANG_WARN_ENUM_CONVERSION = YES;
				CLANG_WARN_INFINITE_RECURSION = YES;
				CLANG_WARN_INT_CONVERSION = YES;
				CLANG_WARN_OBJC_ROOT_CLASS = YES_ERROR;
				CLANG_WARN_SUSPICIOUS_MOVES = YES;
				CLANG_WARN_UNREACHABLE_CODE = YES;
				CLANG_WARN__DUPLICATE_METHOD_MATCH = YES;
				"CODE_SIGN_IDENTITY[sdk=iphoneos*]" = "iPhone Developer";
				COPY_PHASE_STRIP = NO;
				DEBUG_INFORMATION_FORMAT = dwarf;
				ENABLE_STRICT_OBJC_MSGSEND = YES;
				ENABLE_TESTABILITY = YES;
				GCC_C_LANGUAGE_STANDARD = gnu99;
				GCC_DYNAMIC_NO_PIC = NO;
				GCC_NO_COMMON_BLOCKS = YES;
				GCC_OPTIMIZATION_LEVEL = 0;
				GCC_PREPROCESSOR_DEFINITIONS = (
					"DEBUG=1",
					"$(inherited)",
				);
				GCC_WARN_64_TO_32_BIT_CONVERSION = YES;
				GCC_WARN_ABOUT_RETURN_TYPE = YES_ERROR;
				GCC_WARN_UNDECLARED_SELECTOR = YES;
				GCC_WARN_UNINITIALIZED_AUTOS = YES_AGGRESSIVE;
				GCC_WARN_UNUSED_FUNCTION = YES;
				GCC_WARN_UNUSED_VARIABLE = YES;
				IPHONEOS_DEPLOYMENT_TARGET = 10.1;
				MTL_ENABLE_DEBUG_INFO = YES;
				ONLY_ACTIVE_ARCH = YES;
				SDKROOT = iphoneos;
				SWIFT_ACTIVE_COMPILATION_CONDITIONS = DEBUG;
				SWIFT_OPTIMIZATION_LEVEL = "-Onone";
				TARGETED_DEVICE_FAMILY = "1,2";
			};
			name = Debug;
		};
		CA5ADF951DF883ED003ACDD5 /* Release */ = {
			isa = XCBuildConfiguration;
			buildSettings = {
				ALWAYS_SEARCH_USER_PATHS = NO;
				CLANG_ANALYZER_NONNULL = YES;
				CLANG_CXX_LANGUAGE_STANDARD = "gnu++0x";
				CLANG_CXX_LIBRARY = "libc++";
				CLANG_ENABLE_MODULES = YES;
				CLANG_ENABLE_OBJC_ARC = YES;
				CLANG_WARN_BOOL_CONVERSION = YES;
				CLANG_WARN_CONSTANT_CONVERSION = YES;
				CLANG_WARN_DIRECT_OBJC_ISA_USAGE = YES_ERROR;
				CLANG_WARN_DOCUMENTATION_COMMENTS = YES;
				CLANG_WARN_EMPTY_BODY = YES;
				CLANG_WARN_ENUM_CONVERSION = YES;
				CLANG_WARN_INFINITE_RECURSION = YES;
				CLANG_WARN_INT_CONVERSION = YES;
				CLANG_WARN_OBJC_ROOT_CLASS = YES_ERROR;
				CLANG_WARN_SUSPICIOUS_MOVES = YES;
				CLANG_WARN_UNREACHABLE_CODE = YES;
				CLANG_WARN__DUPLICATE_METHOD_MATCH = YES;
				"CODE_SIGN_IDENTITY[sdk=iphoneos*]" = "iPhone Developer";
				COPY_PHASE_STRIP = NO;
				DEBUG_INFORMATION_FORMAT = "dwarf-with-dsym";
				ENABLE_NS_ASSERTIONS = NO;
				ENABLE_STRICT_OBJC_MSGSEND = YES;
				GCC_C_LANGUAGE_STANDARD = gnu99;
				GCC_NO_COMMON_BLOCKS = YES;
				GCC_WARN_64_TO_32_BIT_CONVERSION = YES;
				GCC_WARN_ABOUT_RETURN_TYPE = YES_ERROR;
				GCC_WARN_UNDECLARED_SELECTOR = YES;
				GCC_WARN_UNINITIALIZED_AUTOS = YES_AGGRESSIVE;
				GCC_WARN_UNUSED_FUNCTION = YES;
				GCC_WARN_UNUSED_VARIABLE = YES;
				IPHONEOS_DEPLOYMENT_TARGET = 10.1;
				MTL_ENABLE_DEBUG_INFO = NO;
				SDKROOT = iphoneos;
				SWIFT_OPTIMIZATION_LEVEL = "-Owholemodule";
				TARGETED_DEVICE_FAMILY = "1,2";
				VALIDATE_PRODUCT = YES;
			};
			name = Release;
		};
		CA5ADF971DF883ED003ACDD5 /* Debug */ = {
			isa = XCBuildConfiguration;
			buildSettings = {
				ASSETCATALOG_COMPILER_APPICON_NAME = AppIcon;
				DEVELOPMENT_TEAM = 5PRK9NET39;
				INFOPLIST_FILE = SillySong/Info.plist;
				LD_RUNPATH_SEARCH_PATHS = "$(inherited) @executable_path/Frameworks";
				PRODUCT_BUNDLE_IDENTIFIER = noCompany.SillySong;
				PRODUCT_NAME = "$(TARGET_NAME)";
				SWIFT_VERSION = 3.0;
			};
			name = Debug;
		};
		CA5ADF981DF883ED003ACDD5 /* Release */ = {
			isa = XCBuildConfiguration;
			buildSettings = {
				ASSETCATALOG_COMPILER_APPICON_NAME = AppIcon;
				DEVELOPMENT_TEAM = 5PRK9NET39;
				INFOPLIST_FILE = SillySong/Info.plist;
				LD_RUNPATH_SEARCH_PATHS = "$(inherited) @executable_path/Frameworks";
				PRODUCT_BUNDLE_IDENTIFIER = noCompany.SillySong;
				PRODUCT_NAME = "$(TARGET_NAME)";
				SWIFT_VERSION = 3.0;
			};
			name = Release;
		};
/* End XCBuildConfiguration section */

/* Begin XCConfigurationList section */
		CA5ADF7F1DF883ED003ACDD5 /* Build configuration list for PBXProject "SillySong" */ = {
			isa = XCConfigurationList;
			buildConfigurations = (
				CA5ADF941DF883ED003ACDD5 /* Debug */,
				CA5ADF951DF883ED003ACDD5 /* Release */,
			);
			defaultConfigurationIsVisible = 0;
			defaultConfigurationName = Release;
		};
		CA5ADF961DF883ED003ACDD5 /* Build configuration list for PBXNativeTarget "SillySong" */ = {
			isa = XCConfigurationList;
			buildConfigurations = (
				CA5ADF971DF883ED003ACDD5 /* Debug */,
				CA5ADF981DF883ED003ACDD5 /* Release */,
			);
			defaultConfigurationIsVisible = 0;
		};
/* End XCConfigurationList section */
	};
	rootObject = CA5ADF7C1DF883ED003ACDD5 /* Project object */;
}
